// !$*UTF8*$!
{
	archiveVersion = 1;
	classes = {
	};
	objectVersion = 56;
	objects = {

/* Begin PBXBuildFile section */
		42884D1B2A38E043001EFCA7 /* GitHub_demoApp.swift in Sources */ = {isa = PBXBuildFile; fileRef = 42884D1A2A38E043001EFCA7 /* GitHub_demoApp.swift */; };
		42884D1D2A38E043001EFCA7 /* ContentView.swift in Sources */ = {isa = PBXBuildFile; fileRef = 42884D1C2A38E043001EFCA7 /* ContentView.swift */; };
		42884D1F2A38E045001EFCA7 /* Assets.xcassets in Resources */ = {isa = PBXBuildFile; fileRef = 42884D1E2A38E045001EFCA7 /* Assets.xcassets */; };
		42884D232A38E045001EFCA7 /* Preview Assets.xcassets in Resources */ = {isa = PBXBuildFile; fileRef = 42884D222A38E045001EFCA7 /* Preview Assets.xcassets */; };
		42884D2D2A38E045001EFCA7 /* GitHub_demoTests.swift in Sources */ = {isa = PBXBuildFile; fileRef = 42884D2C2A38E045001EFCA7 /* GitHub_demoTests.swift */; };
		42884D372A38E045001EFCA7 /* GitHub_demoUITests.swift in Sources */ = {isa = PBXBuildFile; fileRef = 42884D362A38E045001EFCA7 /* GitHub_demoUITests.swift */; };
		42884D392A38E045001EFCA7 /* GitHub_demoUITestsLaunchTests.swift in Sources */ = {isa = PBXBuildFile; fileRef = 42884D382A38E045001EFCA7 /* GitHub_demoUITestsLaunchTests.swift */; };
/* End PBXBuildFile section */

/* Begin PBXContainerItemProxy section */
		42884D292A38E045001EFCA7 /* PBXContainerItemProxy */ = {
			isa = PBXContainerItemProxy;
			containerPortal = 42884D0F2A38E043001EFCA7 /* Project object */;
			proxyType = 1;
			remoteGlobalIDString = 42884D162A38E043001EFCA7;
			remoteInfo = "GitHub demo";
		};
		42884D332A38E045001EFCA7 /* PBXContainerItemProxy */ = {
			isa = PBXContainerItemProxy;
			containerPortal = 42884D0F2A38E043001EFCA7 /* Project object */;
			proxyType = 1;
			remoteGlobalIDString = 42884D162A38E043001EFCA7;
			remoteInfo = "GitHub demo";
		};
/* End PBXContainerItemProxy section */

/* Begin PBXFileReference section */
		42884D172A38E043001EFCA7 /* GitHub demo.app */ = {isa = PBXFileReference; explicitFileType = wrapper.application; includeInIndex = 0; path = "GitHub demo.app"; sourceTree = BUILT_PRODUCTS_DIR; };
		42884D1A2A38E043001EFCA7 /* GitHub_demoApp.swift */ = {isa = PBXFileReference; lastKnownFileType = sourcecode.swift; path = GitHub_demoApp.swift; sourceTree = "<group>"; };
		42884D1C2A38E043001EFCA7 /* ContentView.swift */ = {isa = PBXFileReference; lastKnownFileType = sourcecode.swift; path = ContentView.swift; sourceTree = "<group>"; };
		42884D1E2A38E045001EFCA7 /* Assets.xcassets */ = {isa = PBXFileReference; lastKnownFileType = folder.assetcatalog; path = Assets.xcassets; sourceTree = "<group>"; };
		42884D202A38E045001EFCA7 /* GitHub_demo.entitlements */ = {isa = PBXFileReference; lastKnownFileType = text.plist.entitlements; path = GitHub_demo.entitlements; sourceTree = "<group>"; };
		42884D222A38E045001EFCA7 /* Preview Assets.xcassets */ = {isa = PBXFileReference; lastKnownFileType = folder.assetcatalog; path = "Preview Assets.xcassets"; sourceTree = "<group>"; };
		42884D282A38E045001EFCA7 /* GitHub demoTests.xctest */ = {isa = PBXFileReference; explicitFileType = wrapper.cfbundle; includeInIndex = 0; path = "GitHub demoTests.xctest"; sourceTree = BUILT_PRODUCTS_DIR; };
		42884D2C2A38E045001EFCA7 /* GitHub_demoTests.swift */ = {isa = PBXFileReference; lastKnownFileType = sourcecode.swift; path = GitHub_demoTests.swift; sourceTree = "<group>"; };
		42884D322A38E045001EFCA7 /* GitHub demoUITests.xctest */ = {isa = PBXFileReference; explicitFileType = wrapper.cfbundle; includeInIndex = 0; path = "GitHub demoUITests.xctest"; sourceTree = BUILT_PRODUCTS_DIR; };
		42884D362A38E045001EFCA7 /* GitHub_demoUITests.swift */ = {isa = PBXFileReference; lastKnownFileType = sourcecode.swift; path = GitHub_demoUITests.swift; sourceTree = "<group>"; };
		42884D382A38E045001EFCA7 /* GitHub_demoUITestsLaunchTests.swift */ = {isa = PBXFileReference; lastKnownFileType = sourcecode.swift; path = GitHub_demoUITestsLaunchTests.swift; sourceTree = "<group>"; };
/* End PBXFileReference section */

/* Begin PBXFrameworksBuildPhase section */
		42884D142A38E043001EFCA7 /* Frameworks */ = {
			isa = PBXFrameworksBuildPhase;
			buildActionMask = 2147483647;
			files = (
			);
			runOnlyForDeploymentPostprocessing = 0;
		};
		42884D252A38E045001EFCA7 /* Frameworks */ = {
			isa = PBXFrameworksBuildPhase;
			buildActionMask = 2147483647;
			files = (
			);
			runOnlyForDeploymentPostprocessing = 0;
		};
		42884D2F2A38E045001EFCA7 /* Frameworks */ = {
			isa = PBXFrameworksBuildPhase;
			buildActionMask = 2147483647;
			files = (
			);
			runOnlyForDeploymentPostprocessing = 0;
		};
/* End PBXFrameworksBuildPhase section */

/* Begin PBXGroup section */
		42884D0E2A38E043001EFCA7 = {
			isa = PBXGroup;
			children = (
				42884D192A38E043001EFCA7 /* GitHub demo */,
				42884D2B2A38E045001EFCA7 /* GitHub demoTests */,
				42884D352A38E045001EFCA7 /* GitHub demoUITests */,
				42884D182A38E043001EFCA7 /* Products */,
			);
			sourceTree = "<group>";
		};
		42884D182A38E043001EFCA7 /* Products */ = {
			isa = PBXGroup;
			children = (
				42884D172A38E043001EFCA7 /* GitHub demo.app */,
				42884D282A38E045001EFCA7 /* GitHub demoTests.xctest */,
				42884D322A38E045001EFCA7 /* GitHub demoUITests.xctest */,
			);
			name = Products;
			sourceTree = "<group>";
		};
		42884D192A38E043001EFCA7 /* GitHub demo */ = {
			isa = PBXGroup;
			children = (
				42884D1A2A38E043001EFCA7 /* GitHub_demoApp.swift */,
				42884D1C2A38E043001EFCA7 /* ContentView.swift */,
				42884D1E2A38E045001EFCA7 /* Assets.xcassets */,
				42884D202A38E045001EFCA7 /* GitHub_demo.entitlements */,
				42884D212A38E045001EFCA7 /* Preview Content */,
			);
			path = "GitHub demo";
			sourceTree = "<group>";
		};
		42884D212A38E045001EFCA7 /* Preview Content */ = {
			isa = PBXGroup;
			children = (
				42884D222A38E045001EFCA7 /* Preview Assets.xcassets */,
			);
			path = "Preview Content";
			sourceTree = "<group>";
		};
		42884D2B2A38E045001EFCA7 /* GitHub demoTests */ = {
			isa = PBXGroup;
			children = (
				42884D2C2A38E045001EFCA7 /* GitHub_demoTests.swift */,
			);
			path = "GitHub demoTests";
			sourceTree = "<group>";
		};
		42884D352A38E045001EFCA7 /* GitHub demoUITests */ = {
			isa = PBXGroup;
			children = (
				42884D362A38E045001EFCA7 /* GitHub_demoUITests.swift */,
				42884D382A38E045001EFCA7 /* GitHub_demoUITestsLaunchTests.swift */,
			);
			path = "GitHub demoUITests";
			sourceTree = "<group>";
		};
/* End PBXGroup section */

/* Begin PBXNativeTarget section */
		42884D162A38E043001EFCA7 /* GitHub demo */ = {
			isa = PBXNativeTarget;
			buildConfigurationList = 42884D3C2A38E045001EFCA7 /* Build configuration list for PBXNativeTarget "GitHub demo" */;
			buildPhases = (
				42884D132A38E043001EFCA7 /* Sources */,
				42884D142A38E043001EFCA7 /* Frameworks */,
				42884D152A38E043001EFCA7 /* Resources */,
			);
			buildRules = (
			);
			dependencies = (
			);
			name = "GitHub demo";
			productName = "GitHub demo";
			productReference = 42884D172A38E043001EFCA7 /* GitHub demo.app */;
			productType = "com.apple.product-type.application";
		};
		42884D272A38E045001EFCA7 /* GitHub demoTests */ = {
			isa = PBXNativeTarget;
			buildConfigurationList = 42884D3F2A38E045001EFCA7 /* Build configuration list for PBXNativeTarget "GitHub demoTests" */;
			buildPhases = (
				42884D242A38E045001EFCA7 /* Sources */,
				42884D252A38E045001EFCA7 /* Frameworks */,
				42884D262A38E045001EFCA7 /* Resources */,
			);
			buildRules = (
			);
			dependencies = (
				42884D2A2A38E045001EFCA7 /* PBXTargetDependency */,
			);
			name = "GitHub demoTests";
			productName = "GitHub demoTests";
			productReference = 42884D282A38E045001EFCA7 /* GitHub demoTests.xctest */;
			productType = "com.apple.product-type.bundle.unit-test";
		};
		42884D312A38E045001EFCA7 /* GitHub demoUITests */ = {
			isa = PBXNativeTarget;
			buildConfigurationList = 42884D422A38E045001EFCA7 /* Build configuration list for PBXNativeTarget "GitHub demoUITests" */;
			buildPhases = (
				42884D2E2A38E045001EFCA7 /* Sources */,
				42884D2F2A38E045001EFCA7 /* Frameworks */,
				42884D302A38E045001EFCA7 /* Resources */,
			);
			buildRules = (
			);
			dependencies = (
				42884D342A38E045001EFCA7 /* PBXTargetDependency */,
			);
			name = "GitHub demoUITests";
			productName = "GitHub demoUITests";
			productReference = 42884D322A38E045001EFCA7 /* GitHub demoUITests.xctest */;
			productType = "com.apple.product-type.bundle.ui-testing";
		};
/* End PBXNativeTarget section */

/* Begin PBXProject section */
		42884D0F2A38E043001EFCA7 /* Project object */ = {
			isa = PBXProject;
			attributes = {
				BuildIndependentTargetsInParallel = 1;
				LastSwiftUpdateCheck = 1430;
				LastUpgradeCheck = 1430;
				TargetAttributes = {
					42884D162A38E043001EFCA7 = {
						CreatedOnToolsVersion = 14.3.1;
					};
					42884D272A38E045001EFCA7 = {
						CreatedOnToolsVersion = 14.3.1;
						TestTargetID = 42884D162A38E043001EFCA7;
					};
					42884D312A38E045001EFCA7 = {
						CreatedOnToolsVersion = 14.3.1;
						TestTargetID = 42884D162A38E043001EFCA7;
					};
				};
			};
			buildConfigurationList = 42884D122A38E043001EFCA7 /* Build configuration list for PBXProject "GitHub demo" */;
			compatibilityVersion = "Xcode 14.0";
			developmentRegion = en;
			hasScannedForEncodings = 0;
			knownRegions = (
				en,
				Base,
			);
			mainGroup = 42884D0E2A38E043001EFCA7;
			productRefGroup = 42884D182A38E043001EFCA7 /* Products */;
			projectDirPath = "";
			projectRoot = "";
			targets = (
				42884D162A38E043001EFCA7 /* GitHub demo */,
				42884D272A38E045001EFCA7 /* GitHub demoTests */,
				42884D312A38E045001EFCA7 /* GitHub demoUITests */,
			);
		};
/* End PBXProject section */

/* Begin PBXResourcesBuildPhase section */
		42884D152A38E043001EFCA7 /* Resources */ = {
			isa = PBXResourcesBuildPhase;
			buildActionMask = 2147483647;
			files = (
				42884D232A38E045001EFCA7 /* Preview Assets.xcassets in Resources */,
				42884D1F2A38E045001EFCA7 /* Assets.xcassets in Resources */,
			);
			runOnlyForDeploymentPostprocessing = 0;
		};
		42884D262A38E045001EFCA7 /* Resources */ = {
			isa = PBXResourcesBuildPhase;
			buildActionMask = 2147483647;
			files = (
			);
			runOnlyForDeploymentPostprocessing = 0;
		};
		42884D302A38E045001EFCA7 /* Resources */ = {
			isa = PBXResourcesBuildPhase;
			buildActionMask = 2147483647;
			files = (
			);
			runOnlyForDeploymentPostprocessing = 0;
		};
/* End PBXResourcesBuildPhase section */

/* Begin PBXSourcesBuildPhase section */
		42884D132A38E043001EFCA7 /* Sources */ = {
			isa = PBXSourcesBuildPhase;
			buildActionMask = 2147483647;
			files = (
				42884D1D2A38E043001EFCA7 /* ContentView.swift in Sources */,
				42884D1B2A38E043001EFCA7 /* GitHub_demoApp.swift in Sources */,
			);
			runOnlyForDeploymentPostprocessing = 0;
		};
		42884D242A38E045001EFCA7 /* Sources */ = {
			isa = PBXSourcesBuildPhase;
			buildActionMask = 2147483647;
			files = (
				42884D2D2A38E045001EFCA7 /* GitHub_demoTests.swift in Sources */,
			);
			runOnlyForDeploymentPostprocessing = 0;
		};
		42884D2E2A38E045001EFCA7 /* Sources */ = {
			isa = PBXSourcesBuildPhase;
			buildActionMask = 2147483647;
			files = (
				42884D392A38E045001EFCA7 /* GitHub_demoUITestsLaunchTests.swift in Sources */,
				42884D372A38E045001EFCA7 /* GitHub_demoUITests.swift in Sources */,
			);
			runOnlyForDeploymentPostprocessing = 0;
		};
/* End PBXSourcesBuildPhase section */

/* Begin PBXTargetDependency section */
		42884D2A2A38E045001EFCA7 /* PBXTargetDependency */ = {
			isa = PBXTargetDependency;
			target = 42884D162A38E043001EFCA7 /* GitHub demo */;
			targetProxy = 42884D292A38E045001EFCA7 /* PBXContainerItemProxy */;
		};
		42884D342A38E045001EFCA7 /* PBXTargetDependency */ = {
			isa = PBXTargetDependency;
			target = 42884D162A38E043001EFCA7 /* GitHub demo */;
			targetProxy = 42884D332A38E045001EFCA7 /* PBXContainerItemProxy */;
		};
/* End PBXTargetDependency section */

/* Begin XCBuildConfiguration section */
		42884D3A2A38E045001EFCA7 /* Debug */ = {
			isa = XCBuildConfiguration;
			buildSettings = {
				ALWAYS_SEARCH_USER_PATHS = NO;
				CLANG_ANALYZER_NONNULL = YES;
				CLANG_ANALYZER_NUMBER_OBJECT_CONVERSION = YES_AGGRESSIVE;
				CLANG_CXX_LANGUAGE_STANDARD = "gnu++20";
				CLANG_ENABLE_MODULES = YES;
				CLANG_ENABLE_OBJC_ARC = YES;
				CLANG_ENABLE_OBJC_WEAK = YES;
				CLANG_WARN_BLOCK_CAPTURE_AUTORELEASING = YES;
				CLANG_WARN_BOOL_CONVERSION = YES;
				CLANG_WARN_COMMA = YES;
				CLANG_WARN_CONSTANT_CONVERSION = YES;
				CLANG_WARN_DEPRECATED_OBJC_IMPLEMENTATIONS = YES;
				CLANG_WARN_DIRECT_OBJC_ISA_USAGE = YES_ERROR;
				CLANG_WARN_DOCUMENTATION_COMMENTS = YES;
				CLANG_WARN_EMPTY_BODY = YES;
				CLANG_WARN_ENUM_CONVERSION = YES;
				CLANG_WARN_INFINITE_RECURSION = YES;
				CLANG_WARN_INT_CONVERSION = YES;
				CLANG_WARN_NON_LITERAL_NULL_CONVERSION = YES;
				CLANG_WARN_OBJC_IMPLICIT_RETAIN_SELF = YES;
				CLANG_WARN_OBJC_LITERAL_CONVERSION = YES;
				CLANG_WARN_OBJC_ROOT_CLASS = YES_ERROR;
				CLANG_WARN_QUOTED_INCLUDE_IN_FRAMEWORK_HEADER = YES;
				CLANG_WARN_RANGE_LOOP_ANALYSIS = YES;
				CLANG_WARN_STRICT_PROTOTYPES = YES;
				CLANG_WARN_SUSPICIOUS_MOVE = YES;
				CLANG_WARN_UNGUARDED_AVAILABILITY = YES_AGGRESSIVE;
				CLANG_WARN_UNREACHABLE_CODE = YES;
				CLANG_WARN__DUPLICATE_METHOD_MATCH = YES;
				COPY_PHASE_STRIP = NO;
				DEBUG_INFORMATION_FORMAT = dwarf;
				ENABLE_STRICT_OBJC_MSGSEND = YES;
				ENABLE_TESTABILITY = YES;
				GCC_C_LANGUAGE_STANDARD = gnu11;
				GCC_DYNAMIC_NO_PIC = NO;
				GCC_NO_COMMON_BLOCKS = YES;
				GCC_OPTIMIZATION_LEVEL = 0;
				GCC_PREPROCESSOR_DEFINITIONS = (
					"DEBUG=1",
					"$(inherited)",
				);
				GCC_WARN_64_TO_32_BIT_CONVERSION = YES;
				GCC_WARN_ABOUT_RETURN_TYPE = YES_ERROR;
				GCC_WARN_UNDECLARED_SELECTOR = YES;
				GCC_WARN_UNINITIALIZED_AUTOS = YES_AGGRESSIVE;
				GCC_WARN_UNUSED_FUNCTION = YES;
				GCC_WARN_UNUSED_VARIABLE = YES;
				MTL_ENABLE_DEBUG_INFO = INCLUDE_SOURCE;
				MTL_FAST_MATH = YES;
				ONLY_ACTIVE_ARCH = YES;
				SWIFT_ACTIVE_COMPILATION_CONDITIONS = DEBUG;
				SWIFT_OPTIMIZATION_LEVEL = "-Onone";
			};
			name = Debug;
		};
		42884D3B2A38E045001EFCA7 /* Release */ = {
			isa = XCBuildConfiguration;
			buildSettings = {
				ALWAYS_SEARCH_USER_PATHS = NO;
				CLANG_ANALYZER_NONNULL = YES;
				CLANG_ANALYZER_NUMBER_OBJECT_CONVERSION = YES_AGGRESSIVE;
				CLANG_CXX_LANGUAGE_STANDARD = "gnu++20";
				CLANG_ENABLE_MODULES = YES;
				CLANG_ENABLE_OBJC_ARC = YES;
				CLANG_ENABLE_OBJC_WEAK = YES;
				CLANG_WARN_BLOCK_CAPTURE_AUTORELEASING = YES;
				CLANG_WARN_BOOL_CONVERSION = YES;
				CLANG_WARN_COMMA = YES;
				CLANG_WARN_CONSTANT_CONVERSION = YES;
				CLANG_WARN_DEPRECATED_OBJC_IMPLEMENTATIONS = YES;
				CLANG_WARN_DIRECT_OBJC_ISA_USAGE = YES_ERROR;
				CLANG_WARN_DOCUMENTATION_COMMENTS = YES;
				CLANG_WARN_EMPTY_BODY = YES;
				CLANG_WARN_ENUM_CONVERSION = YES;
				CLANG_WARN_INFINITE_RECURSION = YES;
				CLANG_WARN_INT_CONVERSION = YES;
				CLANG_WARN_NON_LITERAL_NULL_CONVERSION = YES;
				CLANG_WARN_OBJC_IMPLICIT_RETAIN_SELF = YES;
				CLANG_WARN_OBJC_LITERAL_CONVERSION = YES;
				CLANG_WARN_OBJC_ROOT_CLASS = YES_ERROR;
				CLANG_WARN_QUOTED_INCLUDE_IN_FRAMEWORK_HEADER = YES;
				CLANG_WARN_RANGE_LOOP_ANALYSIS = YES;
				CLANG_WARN_STRICT_PROTOTYPES = YES;
				CLANG_WARN_SUSPICIOUS_MOVE = YES;
				CLANG_WARN_UNGUARDED_AVAILABILITY = YES_AGGRESSIVE;
				CLANG_WARN_UNREACHABLE_CODE = YES;
				CLANG_WARN__DUPLICATE_METHOD_MATCH = YES;
				COPY_PHASE_STRIP = NO;
				DEBUG_INFORMATION_FORMAT = "dwarf-with-dsym";
				ENABLE_NS_ASSERTIONS = NO;
				ENABLE_STRICT_OBJC_MSGSEND = YES;
				GCC_C_LANGUAGE_STANDARD = gnu11;
				GCC_NO_COMMON_BLOCKS = YES;
				GCC_WARN_64_TO_32_BIT_CONVERSION = YES;
				GCC_WARN_ABOUT_RETURN_TYPE = YES_ERROR;
				GCC_WARN_UNDECLARED_SELECTOR = YES;
				GCC_WARN_UNINITIALIZED_AUTOS = YES_AGGRESSIVE;
				GCC_WARN_UNUSED_FUNCTION = YES;
				GCC_WARN_UNUSED_VARIABLE = YES;
				MTL_ENABLE_DEBUG_INFO = NO;
				MTL_FAST_MATH = YES;
				SWIFT_COMPILATION_MODE = wholemodule;
				SWIFT_OPTIMIZATION_LEVEL = "-O";
			};
			name = Release;
		};
		42884D3D2A38E045001EFCA7 /* Debug */ = {
			isa = XCBuildConfiguration;
			buildSettings = {
				ASSETCATALOG_COMPILER_APPICON_NAME = AppIcon;
				ASSETCATALOG_COMPILER_GLOBAL_ACCENT_COLOR_NAME = AccentColor;
				CODE_SIGN_ENTITLEMENTS = "GitHub demo/GitHub_demo.entitlements";
				CODE_SIGN_STYLE = Automatic;
				CURRENT_PROJECT_VERSION = 1;
				DEVELOPMENT_ASSET_PATHS = "\"GitHub demo/Preview Content\"";
				DEVELOPMENT_TEAM = 573U52R4X7;
				ENABLE_HARDENED_RUNTIME = YES;
				ENABLE_PREVIEWS = YES;
				GENERATE_INFOPLIST_FILE = YES;
				"INFOPLIST_KEY_UIApplicationSceneManifest_Generation[sdk=iphoneos*]" = YES;
				"INFOPLIST_KEY_UIApplicationSceneManifest_Generation[sdk=iphonesimulator*]" = YES;
				"INFOPLIST_KEY_UIApplicationSupportsIndirectInputEvents[sdk=iphoneos*]" = YES;
				"INFOPLIST_KEY_UIApplicationSupportsIndirectInputEvents[sdk=iphonesimulator*]" = YES;
				"INFOPLIST_KEY_UILaunchScreen_Generation[sdk=iphoneos*]" = YES;
				"INFOPLIST_KEY_UILaunchScreen_Generation[sdk=iphonesimulator*]" = YES;
				"INFOPLIST_KEY_UIStatusBarStyle[sdk=iphoneos*]" = UIStatusBarStyleDefault;
				"INFOPLIST_KEY_UIStatusBarStyle[sdk=iphonesimulator*]" = UIStatusBarStyleDefault;
				INFOPLIST_KEY_UISupportedInterfaceOrientations_iPad = "UIInterfaceOrientationPortrait UIInterfaceOrientationPortraitUpsideDown UIInterfaceOrientationLandscapeLeft UIInterfaceOrientationLandscapeRight";
				INFOPLIST_KEY_UISupportedInterfaceOrientations_iPhone = "UIInterfaceOrientationPortrait UIInterfaceOrientationLandscapeLeft UIInterfaceOrientationLandscapeRight";
				IPHONEOS_DEPLOYMENT_TARGET = 16.4;
				LD_RUNPATH_SEARCH_PATHS = "@executable_path/Frameworks";
				"LD_RUNPATH_SEARCH_PATHS[sdk=macosx*]" = "@executable_path/../Frameworks";
				MACOSX_DEPLOYMENT_TARGET = 13.3;
				MARKETING_VERSION = 1.0;
				PRODUCT_BUNDLE_IDENTIFIER = "Cameron-Oberlies.GitHub-demo";
				PRODUCT_NAME = "$(TARGET_NAME)";
				SDKROOT = auto;
				SUPPORTED_PLATFORMS = "iphoneos iphonesimulator macosx";
				SWIFT_EMIT_LOC_STRINGS = YES;
				SWIFT_VERSION = 5.0;
				TARGETED_DEVICE_FAMILY = "1,2";
			};
			name = Debug;
		};
		42884D3E2A38E045001EFCA7 /* Release */ = {
			isa = XCBuildConfiguration;
			buildSettings = {
				ASSETCATALOG_COMPILER_APPICON_NAME = AppIcon;
				ASSETCATALOG_COMPILER_GLOBAL_ACCENT_COLOR_NAME = AccentColor;
				CODE_SIGN_ENTITLEMENTS = "GitHub demo/GitHub_demo.entitlements";
				CODE_SIGN_STYLE = Automatic;
				CURRENT_PROJECT_VERSION = 1;
				DEVELOPMENT_ASSET_PATHS = "\"GitHub demo/Preview Content\"";
				DEVELOPMENT_TEAM = 573U52R4X7;
				ENABLE_HARDENED_RUNTIME = YES;
				ENABLE_PREVIEWS = YES;
				GENERATE_INFOPLIST_FILE = YES;
				"INFOPLIST_KEY_UIApplicationSceneManifest_Generation[sdk=iphoneos*]" = YES;
				"INFOPLIST_KEY_UIApplicationSceneManifest_Generation[sdk=iphonesimulator*]" = YES;
				"INFOPLIST_KEY_UIApplicationSupportsIndirectInputEvents[sdk=iphoneos*]" = YES;
				"INFOPLIST_KEY_UIApplicationSupportsIndirectInputEvents[sdk=iphonesimulator*]" = YES;
				"INFOPLIST_KEY_UILaunchScreen_Generation[sdk=iphoneos*]" = YES;
				"INFOPLIST_KEY_UILaunchScreen_Generation[sdk=iphonesimulator*]" = YES;
				"INFOPLIST_KEY_UIStatusBarStyle[sdk=iphoneos*]" = UIStatusBarStyleDefault;
				"INFOPLIST_KEY_UIStatusBarStyle[sdk=iphonesimulator*]" = UIStatusBarStyleDefault;
				INFOPLIST_KEY_UISupportedInterfaceOrientations_iPad = "UIInterfaceOrientationPortrait UIInterfaceOrientationPortraitUpsideDown UIInterfaceOrientationLandscapeLeft UIInterfaceOrientationLandscapeRight";
				INFOPLIST_KEY_UISupportedInterfaceOrientations_iPhone = "UIInterfaceOrientationPortrait UIInterfaceOrientationLandscapeLeft UIInterfaceOrientationLandscapeRight";
				IPHONEOS_DEPLOYMENT_TARGET = 16.4;
				LD_RUNPATH_SEARCH_PATHS = "@executable_path/Frameworks";
				"LD_RUNPATH_SEARCH_PATHS[sdk=macosx*]" = "@executable_path/../Frameworks";
				MACOSX_DEPLOYMENT_TARGET = 13.3;
				MARKETING_VERSION = 1.0;
				PRODUCT_BUNDLE_IDENTIFIER = "Cameron-Oberlies.GitHub-demo";
				PRODUCT_NAME = "$(TARGET_NAME)";
				SDKROOT = auto;
				SUPPORTED_PLATFORMS = "iphoneos iphonesimulator macosx";
				SWIFT_EMIT_LOC_STRINGS = YES;
				SWIFT_VERSION = 5.0;
				TARGETED_DEVICE_FAMILY = "1,2";
			};
			name = Release;
		};
		42884D402A38E045001EFCA7 /* Debug */ = {
			isa = XCBuildConfiguration;
			buildSettings = {
				ALWAYS_EMBED_SWIFT_STANDARD_LIBRARIES = YES;
				BUNDLE_LOADER = "$(TEST_HOST)";
				CODE_SIGN_STYLE = Automatic;
				CURRENT_PROJECT_VERSION = 1;
				DEVELOPMENT_TEAM = 573U52R4X7;
				GENERATE_INFOPLIST_FILE = YES;
				IPHONEOS_DEPLOYMENT_TARGET = 16.4;
				MACOSX_DEPLOYMENT_TARGET = 13.3;
				MARKETING_VERSION = 1.0;
				PRODUCT_BUNDLE_IDENTIFIER = "Cameron-Oberlies.GitHub-demoTests";
				PRODUCT_NAME = "$(TARGET_NAME)";
				SDKROOT = auto;
				SUPPORTED_PLATFORMS = "iphoneos iphonesimulator macosx";
				SWIFT_EMIT_LOC_STRINGS = NO;
				SWIFT_VERSION = 5.0;
				TARGETED_DEVICE_FAMILY = "1,2";
				TEST_HOST = "$(BUILT_PRODUCTS_DIR)/GitHub demo.app/$(BUNDLE_EXECUTABLE_FOLDER_PATH)/GitHub demo";
			};
			name = Debug;
		};
		42884D412A38E045001EFCA7 /* Release */ = {
			isa = XCBuildConfiguration;
			buildSettings = {
				ALWAYS_EMBED_SWIFT_STANDARD_LIBRARIES = YES;
				BUNDLE_LOADER = "$(TEST_HOST)";
				CODE_SIGN_STYLE = Automatic;
				CURRENT_PROJECT_VERSION = 1;
				DEVELOPMENT_TEAM = 573U52R4X7;
				GENERATE_INFOPLIST_FILE = YES;
				IPHONEOS_DEPLOYMENT_TARGET = 16.4;
				MACOSX_DEPLOYMENT_TARGET = 13.3;
				MARKETING_VERSION = 1.0;
				PRODUCT_BUNDLE_IDENTIFIER = "Cameron-Oberlies.GitHub-demoTests";
				PRODUCT_NAME = "$(TARGET_NAME)";
				SDKROOT = auto;
				SUPPORTED_PLATFORMS = "iphoneos iphonesimulator macosx";
				SWIFT_EMIT_LOC_STRINGS = NO;
				SWIFT_VERSION = 5.0;
				TARGETED_DEVICE_FAMILY = "1,2";
				TEST_HOST = "$(BUILT_PRODUCTS_DIR)/GitHub demo.app/$(BUNDLE_EXECUTABLE_FOLDER_PATH)/GitHub demo";
			};
			name = Release;
		};
		42884D432A38E045001EFCA7 /* Debug */ = {
			isa = XCBuildConfiguration;
			buildSettings = {
				ALWAYS_EMBED_SWIFT_STANDARD_LIBRARIES = YES;
				CODE_SIGN_STYLE = Automatic;
				CURRENT_PROJECT_VERSION = 1;
				DEVELOPMENT_TEAM = 573U52R4X7;
				GENERATE_INFOPLIST_FILE = YES;
				IPHONEOS_DEPLOYMENT_TARGET = 16.4;
				MACOSX_DEPLOYMENT_TARGET = 13.3;
				MARKETING_VERSION = 1.0;
				PRODUCT_BUNDLE_IDENTIFIER = "Cameron-Oberlies.GitHub-demoUITests";
				PRODUCT_NAME = "$(TARGET_NAME)";
				SDKROOT = auto;
				SUPPORTED_PLATFORMS = "iphoneos iphonesimulator macosx";
				SWIFT_EMIT_LOC_STRINGS = NO;
				SWIFT_VERSION = 5.0;
				TARGETED_DEVICE_FAMILY = "1,2";
				TEST_TARGET_NAME = "GitHub demo";
			};
			name = Debug;
		};
		42884D442A38E045001EFCA7 /* Release */ = {
			isa = XCBuildConfiguration;
			buildSettings = {
				ALWAYS_EMBED_SWIFT_STANDARD_LIBRARIES = YES;
				CODE_SIGN_STYLE = Automatic;
				CURRENT_PROJECT_VERSION = 1;
				DEVELOPMENT_TEAM = 573U52R4X7;
				GENERATE_INFOPLIST_FILE = YES;
				IPHONEOS_DEPLOYMENT_TARGET = 16.4;
				MACOSX_DEPLOYMENT_TARGET = 13.3;
				MARKETING_VERSION = 1.0;
				PRODUCT_BUNDLE_IDENTIFIER = "Cameron-Oberlies.GitHub-demoUITests";
				PRODUCT_NAME = "$(TARGET_NAME)";
				SDKROOT = auto;
				SUPPORTED_PLATFORMS = "iphoneos iphonesimulator macosx";
				SWIFT_EMIT_LOC_STRINGS = NO;
				SWIFT_VERSION = 5.0;
				TARGETED_DEVICE_FAMILY = "1,2";
				TEST_TARGET_NAME = "GitHub demo";
			};
			name = Release;
		};
/* End XCBuildConfiguration section */

/* Begin XCConfigurationList section */
		42884D122A38E043001EFCA7 /* Build configuration list for PBXProject "GitHub demo" */ = {
			isa = XCConfigurationList;
			buildConfigurations = (
				42884D3A2A38E045001EFCA7 /* Debug */,
				42884D3B2A38E045001EFCA7 /* Release */,
			);
			defaultConfigurationIsVisible = 0;
			defaultConfigurationName = Release;
		};
		42884D3C2A38E045001EFCA7 /* Build configuration list for PBXNativeTarget "GitHub demo" */ = {
			isa = XCConfigurationList;
			buildConfigurations = (
				42884D3D2A38E045001EFCA7 /* Debug */,
				42884D3E2A38E045001EFCA7 /* Release */,
			);
			defaultConfigurationIsVisible = 0;
			defaultConfigurationName = Release;
		};
		42884D3F2A38E045001EFCA7 /* Build configuration list for PBXNativeTarget "GitHub demoTests" */ = {
			isa = XCConfigurationList;
			buildConfigurations = (
				42884D402A38E045001EFCA7 /* Debug */,
				42884D412A38E045001EFCA7 /* Release */,
			);
			defaultConfigurationIsVisible = 0;
			defaultConfigurationName = Release;
		};
		42884D422A38E045001EFCA7 /* Build configuration list for PBXNativeTarget "GitHub demoUITests" */ = {
			isa = XCConfigurationList;
			buildConfigurations = (
				42884D432A38E045001EFCA7 /* Debug */,
				42884D442A38E045001EFCA7 /* Release */,
			);
			defaultConfigurationIsVisible = 0;
			defaultConfigurationName = Release;
		};
/* End XCConfigurationList section */
	};
	rootObject = 42884D0F2A38E043001EFCA7 /* Project object */;
}
